
Microsoft Visual Studio Solution File, Format Version 12.00
# Visual Studio Version 17
VisualStudioVersion = 17.10.35122.118
MinimumVisualStudioVersion = 10.0.40219.1
Project("{9A19103F-16F7-4668-BE54-9A1E7A4F7556}") = "ERP", "ERP\ERP.csproj", "{14494D0A-1384-4EDB-B397-CCDCEB25C460}"
EndProject
Global
	GlobalSection(SolutionConfigurationPlatforms) = preSolution
		Debug|Any CPU = Debug|Any CPU
		Release|Any CPU = Release|Any CPU
	EndGlobalSection
	GlobalSection(ProjectConfigurationPlatforms) = postSolution
		{14494D0A-1384-4EDB-B397-CCDCEB25C460}.Debug|Any CPU.ActiveCfg = Debug|Any CPU
		{14494D0A-1384-4EDB-B397-CCDCEB25C460}.Debug|Any CPU.Build.0 = Debug|Any CPU
		{14494D0A-1384-4EDB-B397-CCDCEB25C460}.Release|Any CPU.ActiveCfg = Release|Any CPU
		{14494D0A-1384-4EDB-B397-CCDCEB25C460}.Release|Any CPU.Build.0 = Release|Any CPU
	EndGlobalSection
	GlobalSection(SolutionProperties) = preSolution
		HideSolutionNode = FALSE
	EndGlobalSection
	GlobalSection(ExtensibilityGlobals) = postSolution
		SolutionGuid = {E5316CB8-8F70-455C-A61B-4C121BBF73BF}
	EndGlobalSection
EndGlobal
